
Microsoft Visual Studio Solution File, Format Version 12.00
# Visual Studio Version 17
VisualStudioVersion = 17.13.35818.85 d17.13
MinimumVisualStudioVersion = 10.0.40219.1
Project("{FAE04EC0-301F-11D3-BF4B-00C04F79EFBC}") = "Software License Manager", "Software License Manager\Software License Manager.csproj", "{343F2D3D-F947-420F-94E6-C8BC92D1EF02}"
EndProject
Project("{FAE04EC0-301F-11D3-BF4B-00C04F79EFBC}") = "SLM Test", "SLM Test\SLM Test.csproj", "{33226628-7766-4B95-A687-25EC7B17BECD}"
EndProject
Global
	GlobalSection(SolutionConfigurationPlatforms) = preSolution
		Debug|Any CPU = Debug|Any CPU
		Release|Any CPU = Release|Any CPU
	EndGlobalSection
	GlobalSection(ProjectConfigurationPlatforms) = postSolution
		{343F2D3D-F947-420F-94E6-C8BC92D1EF02}.Debug|Any CPU.ActiveCfg = Debug|Any CPU
		{343F2D3D-F947-420F-94E6-C8BC92D1EF02}.Debug|Any CPU.Build.0 = Debug|Any CPU
		{343F2D3D-F947-420F-94E6-C8BC92D1EF02}.Release|Any CPU.ActiveCfg = Release|Any CPU
		{343F2D3D-F947-420F-94E6-C8BC92D1EF02}.Release|Any CPU.Build.0 = Release|Any CPU
		{33226628-7766-4B95-A687-25EC7B17BECD}.Debug|Any CPU.ActiveCfg = Debug|Any CPU
		{33226628-7766-4B95-A687-25EC7B17BECD}.Debug|Any CPU.Build.0 = Debug|Any CPU
		{33226628-7766-4B95-A687-25EC7B17BECD}.Release|Any CPU.ActiveCfg = Release|Any CPU
		{33226628-7766-4B95-A687-25EC7B17BECD}.Release|Any CPU.Build.0 = Release|Any CPU
	EndGlobalSection
	GlobalSection(SolutionProperties) = preSolution
		HideSolutionNode = FALSE
	EndGlobalSection
	GlobalSection(ExtensibilityGlobals) = postSolution
		SolutionGuid = {27D5CF49-A7E4-41A1-9058-40A1C4190520}
	EndGlobalSection
EndGlobal
